// !$*UTF8*$!
{
	archiveVersion = 1;
	classes = {
	};
	objectVersion = 56;
	objects = {

/* Begin PBXBuildFile section */
		3A328D5E2BC43C0300DDA90E /* VisionBoardGeneratorApp.swift in Sources */ = {isa = PBXBuildFile; fileRef = 3A328D5D2BC43C0300DDA90E /* VisionBoardGeneratorApp.swift */; };
		3A328D602BC43C0300DDA90E /* HomeView.swift in Sources */ = {isa = PBXBuildFile; fileRef = 3A328D5F2BC43C0300DDA90E /* HomeView.swift */; };
		3A328D622BC43C0400DDA90E /* Assets.xcassets in Resources */ = {isa = PBXBuildFile; fileRef = 3A328D612BC43C0400DDA90E /* Assets.xcassets */; };
		3A328D652BC43C0400DDA90E /* Preview Assets.xcassets in Resources */ = {isa = PBXBuildFile; fileRef = 3A328D642BC43C0400DDA90E /* Preview Assets.xcassets */; };
		3A328D6D2BC44BE500DDA90E /* OpenAIKit in Frameworks */ = {isa = PBXBuildFile; productRef = 3A328D6C2BC44BE500DDA90E /* OpenAIKit */; };
		3AE293532BC4621900CF21D0 /* APIKeys.swift in Sources */ = {isa = PBXBuildFile; fileRef = 3AE293522BC4621900CF21D0 /* APIKeys.swift */; };
		3AE293582BC4713600CF21D0 /* HomeViewViewModel.swift in Sources */ = {isa = PBXBuildFile; fileRef = 3AE293572BC4713600CF21D0 /* HomeViewViewModel.swift */; };
		3AE2935A2BC4726800CF21D0 /* ContentView.swift in Sources */ = {isa = PBXBuildFile; fileRef = 3AE293592BC4726800CF21D0 /* ContentView.swift */; };
		3AE293652BC480F600CF21D0 /* GoalCreationView.swift in Sources */ = {isa = PBXBuildFile; fileRef = 3AE293642BC480F600CF21D0 /* GoalCreationView.swift */; };
		3AE293672BC4848200CF21D0 /* GoalGridItem.swift in Sources */ = {isa = PBXBuildFile; fileRef = 3AE293662BC4848200CF21D0 /* GoalGridItem.swift */; };
		3AE293692BC4874700CF21D0 /* GoalCreationViewViewModel.swift in Sources */ = {isa = PBXBuildFile; fileRef = 3AE293682BC4874700CF21D0 /* GoalCreationViewViewModel.swift */; };
		3AE2936B2BC4B38E00CF21D0 /* GoalItem.swift in Sources */ = {isa = PBXBuildFile; fileRef = 3AE2936A2BC4B38E00CF21D0 /* GoalItem.swift */; };
		3AE2936D2BC5A9AD00CF21D0 /* GoogleService-Info.plist in Resources */ = {isa = PBXBuildFile; fileRef = 3AE2936C2BC5A9AD00CF21D0 /* GoogleService-Info.plist */; };
		3AE293702BC5A9FF00CF21D0 /* FirebaseAnalytics in Frameworks */ = {isa = PBXBuildFile; productRef = 3AE2936F2BC5A9FF00CF21D0 /* FirebaseAnalytics */; };
		3AE293722BC5A9FF00CF21D0 /* FirebaseAnalyticsOnDeviceConversion in Frameworks */ = {isa = PBXBuildFile; productRef = 3AE293712BC5A9FF00CF21D0 /* FirebaseAnalyticsOnDeviceConversion */; };
		3AE293742BC5A9FF00CF21D0 /* FirebaseAnalyticsSwift in Frameworks */ = {isa = PBXBuildFile; productRef = 3AE293732BC5A9FF00CF21D0 /* FirebaseAnalyticsSwift */; };
		3AE293762BC5A9FF00CF21D0 /* FirebaseAnalyticsWithoutAdIdSupport in Frameworks */ = {isa = PBXBuildFile; productRef = 3AE293752BC5A9FF00CF21D0 /* FirebaseAnalyticsWithoutAdIdSupport */; };
		3AE293782BC5A9FF00CF21D0 /* FirebaseAppCheck in Frameworks */ = {isa = PBXBuildFile; productRef = 3AE293772BC5A9FF00CF21D0 /* FirebaseAppCheck */; };
		3AE2937A2BC5AAEC00CF21D0 /* FirebaseAnalytics in Frameworks */ = {isa = PBXBuildFile; productRef = 3AE293792BC5AAEC00CF21D0 /* FirebaseAnalytics */; };
		3AE2937C2BC5AAEC00CF21D0 /* FirebaseAnalyticsOnDeviceConversion in Frameworks */ = {isa = PBXBuildFile; productRef = 3AE2937B2BC5AAEC00CF21D0 /* FirebaseAnalyticsOnDeviceConversion */; };
		3AE2937E2BC5AAEC00CF21D0 /* FirebaseAnalyticsSwift in Frameworks */ = {isa = PBXBuildFile; productRef = 3AE2937D2BC5AAEC00CF21D0 /* FirebaseAnalyticsSwift */; };
		3AE293802BC5AAEC00CF21D0 /* FirebaseAnalyticsWithoutAdIdSupport in Frameworks */ = {isa = PBXBuildFile; productRef = 3AE2937F2BC5AAEC00CF21D0 /* FirebaseAnalyticsWithoutAdIdSupport */; };
		3AE293822BC5AAEC00CF21D0 /* FirebaseAppCheck in Frameworks */ = {isa = PBXBuildFile; productRef = 3AE293812BC5AAEC00CF21D0 /* FirebaseAppCheck */; };
		3AE293842BC5AAEC00CF21D0 /* FirebaseAppDistribution-Beta in Frameworks */ = {isa = PBXBuildFile; productRef = 3AE293832BC5AAEC00CF21D0 /* FirebaseAppDistribution-Beta */; };
		3AE293862BC5AAEC00CF21D0 /* FirebaseAuth in Frameworks */ = {isa = PBXBuildFile; productRef = 3AE293852BC5AAEC00CF21D0 /* FirebaseAuth */; };
		3AE293882BC5AAEC00CF21D0 /* FirebaseAuthCombine-Community in Frameworks */ = {isa = PBXBuildFile; productRef = 3AE293872BC5AAEC00CF21D0 /* FirebaseAuthCombine-Community */; };
		3AE2938A2BC5AAEC00CF21D0 /* FirebaseCrashlytics in Frameworks */ = {isa = PBXBuildFile; productRef = 3AE293892BC5AAEC00CF21D0 /* FirebaseCrashlytics */; };
		3AE2938C2BC5AAEC00CF21D0 /* FirebaseDatabase in Frameworks */ = {isa = PBXBuildFile; productRef = 3AE2938B2BC5AAEC00CF21D0 /* FirebaseDatabase */; };
		3AE2938E2BC5AAEC00CF21D0 /* FirebaseDatabaseSwift in Frameworks */ = {isa = PBXBuildFile; productRef = 3AE2938D2BC5AAEC00CF21D0 /* FirebaseDatabaseSwift */; };
		3AE293902BC5AAEC00CF21D0 /* FirebaseDynamicLinks in Frameworks */ = {isa = PBXBuildFile; productRef = 3AE2938F2BC5AAEC00CF21D0 /* FirebaseDynamicLinks */; };
		3AE293922BC5AAEC00CF21D0 /* FirebaseFirestore in Frameworks */ = {isa = PBXBuildFile; productRef = 3AE293912BC5AAEC00CF21D0 /* FirebaseFirestore */; };
		3AE293942BC5AAEC00CF21D0 /* FirebaseFirestoreCombine-Community in Frameworks */ = {isa = PBXBuildFile; productRef = 3AE293932BC5AAEC00CF21D0 /* FirebaseFirestoreCombine-Community */; };
		3AE293962BC5AAEC00CF21D0 /* FirebaseFirestoreSwift in Frameworks */ = {isa = PBXBuildFile; productRef = 3AE293952BC5AAEC00CF21D0 /* FirebaseFirestoreSwift */; };
		3AE293982BC5AAEC00CF21D0 /* FirebaseFunctions in Frameworks */ = {isa = PBXBuildFile; productRef = 3AE293972BC5AAEC00CF21D0 /* FirebaseFunctions */; };
		3AE2939A2BC5AAEC00CF21D0 /* FirebaseFunctionsCombine-Community in Frameworks */ = {isa = PBXBuildFile; productRef = 3AE293992BC5AAEC00CF21D0 /* FirebaseFunctionsCombine-Community */; };
		3AE2939C2BC5AAEC00CF21D0 /* FirebaseInAppMessaging-Beta in Frameworks */ = {isa = PBXBuildFile; productRef = 3AE2939B2BC5AAEC00CF21D0 /* FirebaseInAppMessaging-Beta */; };
		3AE2939E2BC5AAEC00CF21D0 /* FirebaseInAppMessagingSwift-Beta in Frameworks */ = {isa = PBXBuildFile; productRef = 3AE2939D2BC5AAEC00CF21D0 /* FirebaseInAppMessagingSwift-Beta */; };
		3AE293A02BC5AAEC00CF21D0 /* FirebaseInstallations in Frameworks */ = {isa = PBXBuildFile; productRef = 3AE2939F2BC5AAEC00CF21D0 /* FirebaseInstallations */; };
		3AE293A22BC5AAEC00CF21D0 /* FirebaseMLModelDownloader in Frameworks */ = {isa = PBXBuildFile; productRef = 3AE293A12BC5AAEC00CF21D0 /* FirebaseMLModelDownloader */; };
		3AE293A42BC5AAEC00CF21D0 /* FirebaseMessaging in Frameworks */ = {isa = PBXBuildFile; productRef = 3AE293A32BC5AAEC00CF21D0 /* FirebaseMessaging */; };
		3AE293A62BC5AAEC00CF21D0 /* FirebasePerformance in Frameworks */ = {isa = PBXBuildFile; productRef = 3AE293A52BC5AAEC00CF21D0 /* FirebasePerformance */; };
		3AE293A82BC5AAEC00CF21D0 /* FirebaseRemoteConfig in Frameworks */ = {isa = PBXBuildFile; productRef = 3AE293A72BC5AAEC00CF21D0 /* FirebaseRemoteConfig */; };
		3AE293AA2BC5AAEC00CF21D0 /* FirebaseRemoteConfigSwift in Frameworks */ = {isa = PBXBuildFile; productRef = 3AE293A92BC5AAEC00CF21D0 /* FirebaseRemoteConfigSwift */; };
		3AE293AC2BC5AAEC00CF21D0 /* FirebaseStorage in Frameworks */ = {isa = PBXBuildFile; productRef = 3AE293AB2BC5AAEC00CF21D0 /* FirebaseStorage */; };
		3AE293AE2BC5AAEC00CF21D0 /* FirebaseStorageCombine-Community in Frameworks */ = {isa = PBXBuildFile; productRef = 3AE293AD2BC5AAEC00CF21D0 /* FirebaseStorageCombine-Community */; };
/* End PBXBuildFile section */

/* Begin PBXFileReference section */
		3A328D5A2BC43C0300DDA90E /* VisionBoardGenerator.app */ = {isa = PBXFileReference; explicitFileType = wrapper.application; includeInIndex = 0; path = VisionBoardGenerator.app; sourceTree = BUILT_PRODUCTS_DIR; };
		3A328D5D2BC43C0300DDA90E /* VisionBoardGeneratorApp.swift */ = {isa = PBXFileReference; lastKnownFileType = sourcecode.swift; path = VisionBoardGeneratorApp.swift; sourceTree = "<group>"; };
		3A328D5F2BC43C0300DDA90E /* HomeView.swift */ = {isa = PBXFileReference; lastKnownFileType = sourcecode.swift; path = HomeView.swift; sourceTree = "<group>"; };
		3A328D612BC43C0400DDA90E /* Assets.xcassets */ = {isa = PBXFileReference; lastKnownFileType = folder.assetcatalog; path = Assets.xcassets; sourceTree = "<group>"; };
		3A328D642BC43C0400DDA90E /* Preview Assets.xcassets */ = {isa = PBXFileReference; lastKnownFileType = folder.assetcatalog; path = "Preview Assets.xcassets"; sourceTree = "<group>"; };
		3AE293522BC4621900CF21D0 /* APIKeys.swift */ = {isa = PBXFileReference; lastKnownFileType = sourcecode.swift; path = APIKeys.swift; sourceTree = "<group>"; };
		3AE293572BC4713600CF21D0 /* HomeViewViewModel.swift */ = {isa = PBXFileReference; lastKnownFileType = sourcecode.swift; path = HomeViewViewModel.swift; sourceTree = "<group>"; };
		3AE293592BC4726800CF21D0 /* ContentView.swift */ = {isa = PBXFileReference; lastKnownFileType = sourcecode.swift; path = ContentView.swift; sourceTree = "<group>"; };
		3AE293642BC480F600CF21D0 /* GoalCreationView.swift */ = {isa = PBXFileReference; lastKnownFileType = sourcecode.swift; path = GoalCreationView.swift; sourceTree = "<group>"; };
		3AE293662BC4848200CF21D0 /* GoalGridItem.swift */ = {isa = PBXFileReference; lastKnownFileType = sourcecode.swift; path = GoalGridItem.swift; sourceTree = "<group>"; };
		3AE293682BC4874700CF21D0 /* GoalCreationViewViewModel.swift */ = {isa = PBXFileReference; lastKnownFileType = sourcecode.swift; path = GoalCreationViewViewModel.swift; sourceTree = "<group>"; };
		3AE2936A2BC4B38E00CF21D0 /* GoalItem.swift */ = {isa = PBXFileReference; lastKnownFileType = sourcecode.swift; path = GoalItem.swift; sourceTree = "<group>"; };
		3AE2936C2BC5A9AD00CF21D0 /* GoogleService-Info.plist */ = {isa = PBXFileReference; fileEncoding = 4; lastKnownFileType = text.plist.xml; name = "GoogleService-Info.plist"; path = "../../../Downloads/GoogleService-Info.plist"; sourceTree = "<group>"; };
/* End PBXFileReference section */

/* Begin PBXFrameworksBuildPhase section */
		3A328D572BC43C0300DDA90E /* Frameworks */ = {
			isa = PBXFrameworksBuildPhase;
			buildActionMask = 2147483647;
			files = (
				3AE2937E2BC5AAEC00CF21D0 /* FirebaseAnalyticsSwift in Frameworks */,
				3AE293802BC5AAEC00CF21D0 /* FirebaseAnalyticsWithoutAdIdSupport in Frameworks */,
				3AE2937A2BC5AAEC00CF21D0 /* FirebaseAnalytics in Frameworks */,
				3AE293742BC5A9FF00CF21D0 /* FirebaseAnalyticsSwift in Frameworks */,
				3AE293A62BC5AAEC00CF21D0 /* FirebasePerformance in Frameworks */,
				3AE293AC2BC5AAEC00CF21D0 /* FirebaseStorage in Frameworks */,
				3AE293922BC5AAEC00CF21D0 /* FirebaseFirestore in Frameworks */,
				3AE293762BC5A9FF00CF21D0 /* FirebaseAnalyticsWithoutAdIdSupport in Frameworks */,
				3AE2939A2BC5AAEC00CF21D0 /* FirebaseFunctionsCombine-Community in Frameworks */,
				3AE293AA2BC5AAEC00CF21D0 /* FirebaseRemoteConfigSwift in Frameworks */,
				3AE293902BC5AAEC00CF21D0 /* FirebaseDynamicLinks in Frameworks */,
				3AE293A82BC5AAEC00CF21D0 /* FirebaseRemoteConfig in Frameworks */,
				3AE293882BC5AAEC00CF21D0 /* FirebaseAuthCombine-Community in Frameworks */,
				3AE2938C2BC5AAEC00CF21D0 /* FirebaseDatabase in Frameworks */,
				3AE293982BC5AAEC00CF21D0 /* FirebaseFunctions in Frameworks */,
				3AE2939C2BC5AAEC00CF21D0 /* FirebaseInAppMessaging-Beta in Frameworks */,
				3AE293702BC5A9FF00CF21D0 /* FirebaseAnalytics in Frameworks */,
				3AE293722BC5A9FF00CF21D0 /* FirebaseAnalyticsOnDeviceConversion in Frameworks */,
				3AE293782BC5A9FF00CF21D0 /* FirebaseAppCheck in Frameworks */,
				3AE293A02BC5AAEC00CF21D0 /* FirebaseInstallations in Frameworks */,
				3AE293A42BC5AAEC00CF21D0 /* FirebaseMessaging in Frameworks */,
				3A328D6D2BC44BE500DDA90E /* OpenAIKit in Frameworks */,
				3AE293AE2BC5AAEC00CF21D0 /* FirebaseStorageCombine-Community in Frameworks */,
				3AE293942BC5AAEC00CF21D0 /* FirebaseFirestoreCombine-Community in Frameworks */,
				3AE2939E2BC5AAEC00CF21D0 /* FirebaseInAppMessagingSwift-Beta in Frameworks */,
				3AE2937C2BC5AAEC00CF21D0 /* FirebaseAnalyticsOnDeviceConversion in Frameworks */,
				3AE293862BC5AAEC00CF21D0 /* FirebaseAuth in Frameworks */,
				3AE2938A2BC5AAEC00CF21D0 /* FirebaseCrashlytics in Frameworks */,
				3AE293962BC5AAEC00CF21D0 /* FirebaseFirestoreSwift in Frameworks */,
				3AE2938E2BC5AAEC00CF21D0 /* FirebaseDatabaseSwift in Frameworks */,
				3AE293A22BC5AAEC00CF21D0 /* FirebaseMLModelDownloader in Frameworks */,
				3AE293822BC5AAEC00CF21D0 /* FirebaseAppCheck in Frameworks */,
				3AE293842BC5AAEC00CF21D0 /* FirebaseAppDistribution-Beta in Frameworks */,
			);
			runOnlyForDeploymentPostprocessing = 0;
		};
/* End PBXFrameworksBuildPhase section */

/* Begin PBXGroup section */
		3A328D512BC43C0300DDA90E = {
			isa = PBXGroup;
			children = (
				3A328D5C2BC43C0300DDA90E /* VisionBoardGenerator */,
				3A328D5B2BC43C0300DDA90E /* Products */,
			);
			sourceTree = "<group>";
		};
		3A328D5B2BC43C0300DDA90E /* Products */ = {
			isa = PBXGroup;
			children = (
				3A328D5A2BC43C0300DDA90E /* VisionBoardGenerator.app */,
			);
			name = Products;
			sourceTree = "<group>";
		};
		3A328D5C2BC43C0300DDA90E /* VisionBoardGenerator */ = {
			isa = PBXGroup;
			children = (
				3AE293542BC46F2500CF21D0 /* Resources */,
				3A328D5D2BC43C0300DDA90E /* VisionBoardGeneratorApp.swift */,
				3A328D5F2BC43C0300DDA90E /* HomeView.swift */,
				3AE293642BC480F600CF21D0 /* GoalCreationView.swift */,
				3AE293662BC4848200CF21D0 /* GoalGridItem.swift */,
				3AE2936A2BC4B38E00CF21D0 /* GoalItem.swift */,
				3AE293592BC4726800CF21D0 /* ContentView.swift */,
				3AE293572BC4713600CF21D0 /* HomeViewViewModel.swift */,
				3AE293682BC4874700CF21D0 /* GoalCreationViewViewModel.swift */,
				3AE2936C2BC5A9AD00CF21D0 /* GoogleService-Info.plist */,
				3A328D612BC43C0400DDA90E /* Assets.xcassets */,
				3A328D632BC43C0400DDA90E /* Preview Content */,
			);
			path = VisionBoardGenerator;
			sourceTree = "<group>";
		};
		3A328D632BC43C0400DDA90E /* Preview Content */ = {
			isa = PBXGroup;
			children = (
				3A328D642BC43C0400DDA90E /* Preview Assets.xcassets */,
			);
			path = "Preview Content";
			sourceTree = "<group>";
		};
		3AE293542BC46F2500CF21D0 /* Resources */ = {
			isa = PBXGroup;
			children = (
				3AE293522BC4621900CF21D0 /* APIKeys.swift */,
			);
			path = Resources;
			sourceTree = "<group>";
		};
/* End PBXGroup section */

/* Begin PBXNativeTarget section */
		3A328D592BC43C0300DDA90E /* VisionBoardGenerator */ = {
			isa = PBXNativeTarget;
			buildConfigurationList = 3A328D682BC43C0400DDA90E /* Build configuration list for PBXNativeTarget "VisionBoardGenerator" */;
			buildPhases = (
				3A328D562BC43C0300DDA90E /* Sources */,
				3A328D572BC43C0300DDA90E /* Frameworks */,
				3A328D582BC43C0300DDA90E /* Resources */,
			);
			buildRules = (
			);
			dependencies = (
			);
			name = VisionBoardGenerator;
			packageProductDependencies = (
				3A328D6C2BC44BE500DDA90E /* OpenAIKit */,
				3AE2936F2BC5A9FF00CF21D0 /* FirebaseAnalytics */,
				3AE293712BC5A9FF00CF21D0 /* FirebaseAnalyticsOnDeviceConversion */,
				3AE293732BC5A9FF00CF21D0 /* FirebaseAnalyticsSwift */,
				3AE293752BC5A9FF00CF21D0 /* FirebaseAnalyticsWithoutAdIdSupport */,
				3AE293772BC5A9FF00CF21D0 /* FirebaseAppCheck */,
				3AE293792BC5AAEC00CF21D0 /* FirebaseAnalytics */,
				3AE2937B2BC5AAEC00CF21D0 /* FirebaseAnalyticsOnDeviceConversion */,
				3AE2937D2BC5AAEC00CF21D0 /* FirebaseAnalyticsSwift */,
				3AE2937F2BC5AAEC00CF21D0 /* FirebaseAnalyticsWithoutAdIdSupport */,
				3AE293812BC5AAEC00CF21D0 /* FirebaseAppCheck */,
				3AE293832BC5AAEC00CF21D0 /* FirebaseAppDistribution-Beta */,
				3AE293852BC5AAEC00CF21D0 /* FirebaseAuth */,
				3AE293872BC5AAEC00CF21D0 /* FirebaseAuthCombine-Community */,
				3AE293892BC5AAEC00CF21D0 /* FirebaseCrashlytics */,
				3AE2938B2BC5AAEC00CF21D0 /* FirebaseDatabase */,
				3AE2938D2BC5AAEC00CF21D0 /* FirebaseDatabaseSwift */,
				3AE2938F2BC5AAEC00CF21D0 /* FirebaseDynamicLinks */,
				3AE293912BC5AAEC00CF21D0 /* FirebaseFirestore */,
				3AE293932BC5AAEC00CF21D0 /* FirebaseFirestoreCombine-Community */,
				3AE293952BC5AAEC00CF21D0 /* FirebaseFirestoreSwift */,
				3AE293972BC5AAEC00CF21D0 /* FirebaseFunctions */,
				3AE293992BC5AAEC00CF21D0 /* FirebaseFunctionsCombine-Community */,
				3AE2939B2BC5AAEC00CF21D0 /* FirebaseInAppMessaging-Beta */,
				3AE2939D2BC5AAEC00CF21D0 /* FirebaseInAppMessagingSwift-Beta */,
				3AE2939F2BC5AAEC00CF21D0 /* FirebaseInstallations */,
				3AE293A12BC5AAEC00CF21D0 /* FirebaseMLModelDownloader */,
				3AE293A32BC5AAEC00CF21D0 /* FirebaseMessaging */,
				3AE293A52BC5AAEC00CF21D0 /* FirebasePerformance */,
				3AE293A72BC5AAEC00CF21D0 /* FirebaseRemoteConfig */,
				3AE293A92BC5AAEC00CF21D0 /* FirebaseRemoteConfigSwift */,
				3AE293AB2BC5AAEC00CF21D0 /* FirebaseStorage */,
				3AE293AD2BC5AAEC00CF21D0 /* FirebaseStorageCombine-Community */,
			);
			productName = VisionBoardGenerator;
			productReference = 3A328D5A2BC43C0300DDA90E /* VisionBoardGenerator.app */;
			productType = "com.apple.product-type.application";
		};
/* End PBXNativeTarget section */

/* Begin PBXProject section */
		3A328D522BC43C0300DDA90E /* Project object */ = {
			isa = PBXProject;
			attributes = {
				BuildIndependentTargetsInParallel = 1;
				LastSwiftUpdateCheck = 1500;
				LastUpgradeCheck = 1500;
				TargetAttributes = {
					3A328D592BC43C0300DDA90E = {
						CreatedOnToolsVersion = 15.0;
					};
				};
			};
			buildConfigurationList = 3A328D552BC43C0300DDA90E /* Build configuration list for PBXProject "VisionBoardGenerator" */;
			compatibilityVersion = "Xcode 14.0";
			developmentRegion = en;
			hasScannedForEncodings = 0;
			knownRegions = (
				en,
				Base,
			);
			mainGroup = 3A328D512BC43C0300DDA90E;
			packageReferences = (
				3A328D6B2BC44BE500DDA90E /* XCRemoteSwiftPackageReference "OpenAIKit" */,
				3AE2936E2BC5A9FF00CF21D0 /* XCRemoteSwiftPackageReference "firebase-ios-sdk" */,
			);
			productRefGroup = 3A328D5B2BC43C0300DDA90E /* Products */;
			projectDirPath = "";
			projectRoot = "";
			targets = (
				3A328D592BC43C0300DDA90E /* VisionBoardGenerator */,
			);
		};
/* End PBXProject section */

/* Begin PBXResourcesBuildPhase section */
		3A328D582BC43C0300DDA90E /* Resources */ = {
			isa = PBXResourcesBuildPhase;
			buildActionMask = 2147483647;
			files = (
				3A328D652BC43C0400DDA90E /* Preview Assets.xcassets in Resources */,
				3A328D622BC43C0400DDA90E /* Assets.xcassets in Resources */,
				3AE2936D2BC5A9AD00CF21D0 /* GoogleService-Info.plist in Resources */,
			);
			runOnlyForDeploymentPostprocessing = 0;
		};
/* End PBXResourcesBuildPhase section */

/* Begin PBXSourcesBuildPhase section */
		3A328D562BC43C0300DDA90E /* Sources */ = {
			isa = PBXSourcesBuildPhase;
			buildActionMask = 2147483647;
			files = (
				3AE293652BC480F600CF21D0 /* GoalCreationView.swift in Sources */,
				3AE293692BC4874700CF21D0 /* GoalCreationViewViewModel.swift in Sources */,
				3AE2936B2BC4B38E00CF21D0 /* GoalItem.swift in Sources */,
				3AE293582BC4713600CF21D0 /* HomeViewViewModel.swift in Sources */,
				3AE293532BC4621900CF21D0 /* APIKeys.swift in Sources */,
				3AE2935A2BC4726800CF21D0 /* ContentView.swift in Sources */,
				3A328D602BC43C0300DDA90E /* HomeView.swift in Sources */,
				3A328D5E2BC43C0300DDA90E /* VisionBoardGeneratorApp.swift in Sources */,
				3AE293672BC4848200CF21D0 /* GoalGridItem.swift in Sources */,
			);
			runOnlyForDeploymentPostprocessing = 0;
		};
/* End PBXSourcesBuildPhase section */

/* Begin XCBuildConfiguration section */
		3A328D662BC43C0400DDA90E /* Debug */ = {
			isa = XCBuildConfiguration;
			buildSettings = {
				ALWAYS_SEARCH_USER_PATHS = NO;
				ASSETCATALOG_COMPILER_GENERATE_SWIFT_ASSET_SYMBOL_EXTENSIONS = YES;
				CLANG_ANALYZER_NONNULL = YES;
				CLANG_ANALYZER_NUMBER_OBJECT_CONVERSION = YES_AGGRESSIVE;
				CLANG_CXX_LANGUAGE_STANDARD = "gnu++20";
				CLANG_ENABLE_MODULES = YES;
				CLANG_ENABLE_OBJC_ARC = YES;
				CLANG_ENABLE_OBJC_WEAK = YES;
				CLANG_WARN_BLOCK_CAPTURE_AUTORELEASING = YES;
				CLANG_WARN_BOOL_CONVERSION = YES;
				CLANG_WARN_COMMA = YES;
				CLANG_WARN_CONSTANT_CONVERSION = YES;
				CLANG_WARN_DEPRECATED_OBJC_IMPLEMENTATIONS = YES;
				CLANG_WARN_DIRECT_OBJC_ISA_USAGE = YES_ERROR;
				CLANG_WARN_DOCUMENTATION_COMMENTS = YES;
				CLANG_WARN_EMPTY_BODY = YES;
				CLANG_WARN_ENUM_CONVERSION = YES;
				CLANG_WARN_INFINITE_RECURSION = YES;
				CLANG_WARN_INT_CONVERSION = YES;
				CLANG_WARN_NON_LITERAL_NULL_CONVERSION = YES;
				CLANG_WARN_OBJC_IMPLICIT_RETAIN_SELF = YES;
				CLANG_WARN_OBJC_LITERAL_CONVERSION = YES;
				CLANG_WARN_OBJC_ROOT_CLASS = YES_ERROR;
				CLANG_WARN_QUOTED_INCLUDE_IN_FRAMEWORK_HEADER = YES;
				CLANG_WARN_RANGE_LOOP_ANALYSIS = YES;
				CLANG_WARN_STRICT_PROTOTYPES = YES;
				CLANG_WARN_SUSPICIOUS_MOVE = YES;
				CLANG_WARN_UNGUARDED_AVAILABILITY = YES_AGGRESSIVE;
				CLANG_WARN_UNREACHABLE_CODE = YES;
				CLANG_WARN__DUPLICATE_METHOD_MATCH = YES;
				COPY_PHASE_STRIP = NO;
				DEBUG_INFORMATION_FORMAT = dwarf;
				ENABLE_STRICT_OBJC_MSGSEND = YES;
				ENABLE_TESTABILITY = YES;
				ENABLE_USER_SCRIPT_SANDBOXING = YES;
				GCC_C_LANGUAGE_STANDARD = gnu17;
				GCC_DYNAMIC_NO_PIC = NO;
				GCC_NO_COMMON_BLOCKS = YES;
				GCC_OPTIMIZATION_LEVEL = 0;
				GCC_PREPROCESSOR_DEFINITIONS = (
					"DEBUG=1",
					"$(inherited)",
				);
				GCC_WARN_64_TO_32_BIT_CONVERSION = YES;
				GCC_WARN_ABOUT_RETURN_TYPE = YES_ERROR;
				GCC_WARN_UNDECLARED_SELECTOR = YES;
				GCC_WARN_UNINITIALIZED_AUTOS = YES_AGGRESSIVE;
				GCC_WARN_UNUSED_FUNCTION = YES;
				GCC_WARN_UNUSED_VARIABLE = YES;
				IPHONEOS_DEPLOYMENT_TARGET = 17.0;
				LOCALIZATION_PREFERS_STRING_CATALOGS = YES;
				MTL_ENABLE_DEBUG_INFO = INCLUDE_SOURCE;
				MTL_FAST_MATH = YES;
				ONLY_ACTIVE_ARCH = YES;
				SDKROOT = iphoneos;
				SWIFT_ACTIVE_COMPILATION_CONDITIONS = "DEBUG $(inherited)";
				SWIFT_OPTIMIZATION_LEVEL = "-Onone";
			};
			name = Debug;
		};
		3A328D672BC43C0400DDA90E /* Release */ = {
			isa = XCBuildConfiguration;
			buildSettings = {
				ALWAYS_SEARCH_USER_PATHS = NO;
				ASSETCATALOG_COMPILER_GENERATE_SWIFT_ASSET_SYMBOL_EXTENSIONS = YES;
				CLANG_ANALYZER_NONNULL = YES;
				CLANG_ANALYZER_NUMBER_OBJECT_CONVERSION = YES_AGGRESSIVE;
				CLANG_CXX_LANGUAGE_STANDARD = "gnu++20";
				CLANG_ENABLE_MODULES = YES;
				CLANG_ENABLE_OBJC_ARC = YES;
				CLANG_ENABLE_OBJC_WEAK = YES;
				CLANG_WARN_BLOCK_CAPTURE_AUTORELEASING = YES;
				CLANG_WARN_BOOL_CONVERSION = YES;
				CLANG_WARN_COMMA = YES;
				CLANG_WARN_CONSTANT_CONVERSION = YES;
				CLANG_WARN_DEPRECATED_OBJC_IMPLEMENTATIONS = YES;
				CLANG_WARN_DIRECT_OBJC_ISA_USAGE = YES_ERROR;
				CLANG_WARN_DOCUMENTATION_COMMENTS = YES;
				CLANG_WARN_EMPTY_BODY = YES;
				CLANG_WARN_ENUM_CONVERSION = YES;
				CLANG_WARN_INFINITE_RECURSION = YES;
				CLANG_WARN_INT_CONVERSION = YES;
				CLANG_WARN_NON_LITERAL_NULL_CONVERSION = YES;
				CLANG_WARN_OBJC_IMPLICIT_RETAIN_SELF = YES;
				CLANG_WARN_OBJC_LITERAL_CONVERSION = YES;
				CLANG_WARN_OBJC_ROOT_CLASS = YES_ERROR;
				CLANG_WARN_QUOTED_INCLUDE_IN_FRAMEWORK_HEADER = YES;
				CLANG_WARN_RANGE_LOOP_ANALYSIS = YES;
				CLANG_WARN_STRICT_PROTOTYPES = YES;
				CLANG_WARN_SUSPICIOUS_MOVE = YES;
				CLANG_WARN_UNGUARDED_AVAILABILITY = YES_AGGRESSIVE;
				CLANG_WARN_UNREACHABLE_CODE = YES;
				CLANG_WARN__DUPLICATE_METHOD_MATCH = YES;
				COPY_PHASE_STRIP = NO;
				DEBUG_INFORMATION_FORMAT = "dwarf-with-dsym";
				ENABLE_NS_ASSERTIONS = NO;
				ENABLE_STRICT_OBJC_MSGSEND = YES;
				ENABLE_USER_SCRIPT_SANDBOXING = YES;
				GCC_C_LANGUAGE_STANDARD = gnu17;
				GCC_NO_COMMON_BLOCKS = YES;
				GCC_WARN_64_TO_32_BIT_CONVERSION = YES;
				GCC_WARN_ABOUT_RETURN_TYPE = YES_ERROR;
				GCC_WARN_UNDECLARED_SELECTOR = YES;
				GCC_WARN_UNINITIALIZED_AUTOS = YES_AGGRESSIVE;
				GCC_WARN_UNUSED_FUNCTION = YES;
				GCC_WARN_UNUSED_VARIABLE = YES;
				IPHONEOS_DEPLOYMENT_TARGET = 17.0;
				LOCALIZATION_PREFERS_STRING_CATALOGS = YES;
				MTL_ENABLE_DEBUG_INFO = NO;
				MTL_FAST_MATH = YES;
				SDKROOT = iphoneos;
				SWIFT_COMPILATION_MODE = wholemodule;
				VALIDATE_PRODUCT = YES;
			};
			name = Release;
		};
		3A328D692BC43C0400DDA90E /* Debug */ = {
			isa = XCBuildConfiguration;
			buildSettings = {
				ASSETCATALOG_COMPILER_APPICON_NAME = AppIcon;
				ASSETCATALOG_COMPILER_GLOBAL_ACCENT_COLOR_NAME = AccentColor;
				CODE_SIGN_STYLE = Automatic;
				CURRENT_PROJECT_VERSION = 1;
				DEVELOPMENT_ASSET_PATHS = "\"VisionBoardGenerator/Preview Content\"";
				ENABLE_PREVIEWS = YES;
				GENERATE_INFOPLIST_FILE = YES;
				INFOPLIST_KEY_UIApplicationSceneManifest_Generation = YES;
				INFOPLIST_KEY_UIApplicationSupportsIndirectInputEvents = YES;
				INFOPLIST_KEY_UILaunchScreen_Generation = YES;
				INFOPLIST_KEY_UISupportedInterfaceOrientations = UIInterfaceOrientationPortrait;
				LD_RUNPATH_SEARCH_PATHS = (
					"$(inherited)",
					"@executable_path/Frameworks",
				);
				MARKETING_VERSION = 1.0;
				PRODUCT_BUNDLE_IDENTIFIER = mariaykim.VisionBoardGenerator;
				PRODUCT_NAME = "$(TARGET_NAME)";
				SWIFT_EMIT_LOC_STRINGS = YES;
				SWIFT_VERSION = 5.0;
				TARGETED_DEVICE_FAMILY = "1,2";
			};
			name = Debug;
		};
		3A328D6A2BC43C0400DDA90E /* Release */ = {
			isa = XCBuildConfiguration;
			buildSettings = {
				ASSETCATALOG_COMPILER_APPICON_NAME = AppIcon;
				ASSETCATALOG_COMPILER_GLOBAL_ACCENT_COLOR_NAME = AccentColor;
				CODE_SIGN_STYLE = Automatic;
				CURRENT_PROJECT_VERSION = 1;
				DEVELOPMENT_ASSET_PATHS = "\"VisionBoardGenerator/Preview Content\"";
				ENABLE_PREVIEWS = YES;
				GENERATE_INFOPLIST_FILE = YES;
				INFOPLIST_KEY_UIApplicationSceneManifest_Generation = YES;
				INFOPLIST_KEY_UIApplicationSupportsIndirectInputEvents = YES;
				INFOPLIST_KEY_UILaunchScreen_Generation = YES;
				INFOPLIST_KEY_UISupportedInterfaceOrientations = UIInterfaceOrientationPortrait;
				LD_RUNPATH_SEARCH_PATHS = (
					"$(inherited)",
					"@executable_path/Frameworks",
				);
				MARKETING_VERSION = 1.0;
				PRODUCT_BUNDLE_IDENTIFIER = mariaykim.VisionBoardGenerator;
				PRODUCT_NAME = "$(TARGET_NAME)";
				SWIFT_EMIT_LOC_STRINGS = YES;
				SWIFT_VERSION = 5.0;
				TARGETED_DEVICE_FAMILY = "1,2";
			};
			name = Release;
		};
/* End XCBuildConfiguration section */

/* Begin XCConfigurationList section */
		3A328D552BC43C0300DDA90E /* Build configuration list for PBXProject "VisionBoardGenerator" */ = {
			isa = XCConfigurationList;
			buildConfigurations = (
				3A328D662BC43C0400DDA90E /* Debug */,
				3A328D672BC43C0400DDA90E /* Release */,
			);
			defaultConfigurationIsVisible = 0;
			defaultConfigurationName = Release;
		};
		3A328D682BC43C0400DDA90E /* Build configuration list for PBXNativeTarget "VisionBoardGenerator" */ = {
			isa = XCConfigurationList;
			buildConfigurations = (
				3A328D692BC43C0400DDA90E /* Debug */,
				3A328D6A2BC43C0400DDA90E /* Release */,
			);
			defaultConfigurationIsVisible = 0;
			defaultConfigurationName = Release;
		};
/* End XCConfigurationList section */

/* Begin XCRemoteSwiftPackageReference section */
		3A328D6B2BC44BE500DDA90E /* XCRemoteSwiftPackageReference "OpenAIKit" */ = {
			isa = XCRemoteSwiftPackageReference;
			repositoryURL = "https://github.com/MarcoDotIO/OpenAIKit";
			requirement = {
				kind = upToNextMajorVersion;
				minimumVersion = 2.0.1;
			};
		};
		3AE2936E2BC5A9FF00CF21D0 /* XCRemoteSwiftPackageReference "firebase-ios-sdk" */ = {
			isa = XCRemoteSwiftPackageReference;
			repositoryURL = "https://github.com/firebase/firebase-ios-sdk";
			requirement = {
				kind = upToNextMajorVersion;
				minimumVersion = 10.24.0;
			};
		};
/* End XCRemoteSwiftPackageReference section */

/* Begin XCSwiftPackageProductDependency section */
		3A328D6C2BC44BE500DDA90E /* OpenAIKit */ = {
			isa = XCSwiftPackageProductDependency;
			package = 3A328D6B2BC44BE500DDA90E /* XCRemoteSwiftPackageReference "OpenAIKit" */;
			productName = OpenAIKit;
		};
		3AE2936F2BC5A9FF00CF21D0 /* FirebaseAnalytics */ = {
			isa = XCSwiftPackageProductDependency;
			package = 3AE2936E2BC5A9FF00CF21D0 /* XCRemoteSwiftPackageReference "firebase-ios-sdk" */;
			productName = FirebaseAnalytics;
		};
		3AE293712BC5A9FF00CF21D0 /* FirebaseAnalyticsOnDeviceConversion */ = {
			isa = XCSwiftPackageProductDependency;
			package = 3AE2936E2BC5A9FF00CF21D0 /* XCRemoteSwiftPackageReference "firebase-ios-sdk" */;
			productName = FirebaseAnalyticsOnDeviceConversion;
		};
		3AE293732BC5A9FF00CF21D0 /* FirebaseAnalyticsSwift */ = {
			isa = XCSwiftPackageProductDependency;
			package = 3AE2936E2BC5A9FF00CF21D0 /* XCRemoteSwiftPackageReference "firebase-ios-sdk" */;
			productName = FirebaseAnalyticsSwift;
		};
		3AE293752BC5A9FF00CF21D0 /* FirebaseAnalyticsWithoutAdIdSupport */ = {
			isa = XCSwiftPackageProductDependency;
			package = 3AE2936E2BC5A9FF00CF21D0 /* XCRemoteSwiftPackageReference "firebase-ios-sdk" */;
			productName = FirebaseAnalyticsWithoutAdIdSupport;
		};
		3AE293772BC5A9FF00CF21D0 /* FirebaseAppCheck */ = {
			isa = XCSwiftPackageProductDependency;
			package = 3AE2936E2BC5A9FF00CF21D0 /* XCRemoteSwiftPackageReference "firebase-ios-sdk" */;
			productName = FirebaseAppCheck;
		};
		3AE293792BC5AAEC00CF21D0 /* FirebaseAnalytics */ = {
			isa = XCSwiftPackageProductDependency;
			package = 3AE2936E2BC5A9FF00CF21D0 /* XCRemoteSwiftPackageReference "firebase-ios-sdk" */;
			productName = FirebaseAnalytics;
		};
		3AE2937B2BC5AAEC00CF21D0 /* FirebaseAnalyticsOnDeviceConversion */ = {
			isa = XCSwiftPackageProductDependency;
			package = 3AE2936E2BC5A9FF00CF21D0 /* XCRemoteSwiftPackageReference "firebase-ios-sdk" */;
			productName = FirebaseAnalyticsOnDeviceConversion;
		};
		3AE2937D2BC5AAEC00CF21D0 /* FirebaseAnalyticsSwift */ = {
			isa = XCSwiftPackageProductDependency;
			package = 3AE2936E2BC5A9FF00CF21D0 /* XCRemoteSwiftPackageReference "firebase-ios-sdk" */;
			productName = FirebaseAnalyticsSwift;
		};
		3AE2937F2BC5AAEC00CF21D0 /* FirebaseAnalyticsWithoutAdIdSupport */ = {
			isa = XCSwiftPackageProductDependency;
			package = 3AE2936E2BC5A9FF00CF21D0 /* XCRemoteSwiftPackageReference "firebase-ios-sdk" */;
			productName = FirebaseAnalyticsWithoutAdIdSupport;
		};
		3AE293812BC5AAEC00CF21D0 /* FirebaseAppCheck */ = {
			isa = XCSwiftPackageProductDependency;
			package = 3AE2936E2BC5A9FF00CF21D0 /* XCRemoteSwiftPackageReference "firebase-ios-sdk" */;
			productName = FirebaseAppCheck;
		};
		3AE293832BC5AAEC00CF21D0 /* FirebaseAppDistribution-Beta */ = {
			isa = XCSwiftPackageProductDependency;
			package = 3AE2936E2BC5A9FF00CF21D0 /* XCRemoteSwiftPackageReference "firebase-ios-sdk" */;
			productName = "FirebaseAppDistribution-Beta";
		};
		3AE293852BC5AAEC00CF21D0 /* FirebaseAuth */ = {
			isa = XCSwiftPackageProductDependency;
			package = 3AE2936E2BC5A9FF00CF21D0 /* XCRemoteSwiftPackageReference "firebase-ios-sdk" */;
			productName = FirebaseAuth;
		};
		3AE293872BC5AAEC00CF21D0 /* FirebaseAuthCombine-Community */ = {
			isa = XCSwiftPackageProductDependency;
			package = 3AE2936E2BC5A9FF00CF21D0 /* XCRemoteSwiftPackageReference "firebase-ios-sdk" */;
			productName = "FirebaseAuthCombine-Community";
		};
		3AE293892BC5AAEC00CF21D0 /* FirebaseCrashlytics */ = {
			isa = XCSwiftPackageProductDependency;
			package = 3AE2936E2BC5A9FF00CF21D0 /* XCRemoteSwiftPackageReference "firebase-ios-sdk" */;
			productName = FirebaseCrashlytics;
		};
		3AE2938B2BC5AAEC00CF21D0 /* FirebaseDatabase */ = {
			isa = XCSwiftPackageProductDependency;
			package = 3AE2936E2BC5A9FF00CF21D0 /* XCRemoteSwiftPackageReference "firebase-ios-sdk" */;
			productName = FirebaseDatabase;
		};
		3AE2938D2BC5AAEC00CF21D0 /* FirebaseDatabaseSwift */ = {
			isa = XCSwiftPackageProductDependency;
			package = 3AE2936E2BC5A9FF00CF21D0 /* XCRemoteSwiftPackageReference "firebase-ios-sdk" */;
			productName = FirebaseDatabaseSwift;
		};
		3AE2938F2BC5AAEC00CF21D0 /* FirebaseDynamicLinks */ = {
			isa = XCSwiftPackageProductDependency;
			package = 3AE2936E2BC5A9FF00CF21D0 /* XCRemoteSwiftPackageReference "firebase-ios-sdk" */;
			productName = FirebaseDynamicLinks;
		};
		3AE293912BC5AAEC00CF21D0 /* FirebaseFirestore */ = {
			isa = XCSwiftPackageProductDependency;
			package = 3AE2936E2BC5A9FF00CF21D0 /* XCRemoteSwiftPackageReference "firebase-ios-sdk" */;
			productName = FirebaseFirestore;
		};
		3AE293932BC5AAEC00CF21D0 /* FirebaseFirestoreCombine-Community */ = {
			isa = XCSwiftPackageProductDependency;
			package = 3AE2936E2BC5A9FF00CF21D0 /* XCRemoteSwiftPackageReference "firebase-ios-sdk" */;
			productName = "FirebaseFirestoreCombine-Community";
		};
		3AE293952BC5AAEC00CF21D0 /* FirebaseFirestoreSwift */ = {
			isa = XCSwiftPackageProductDependency;
			package = 3AE2936E2BC5A9FF00CF21D0 /* XCRemoteSwiftPackageReference "firebase-ios-sdk" */;
			productName = FirebaseFirestoreSwift;
		};
		3AE293972BC5AAEC00CF21D0 /* FirebaseFunctions */ = {
			isa = XCSwiftPackageProductDependency;
			package = 3AE2936E2BC5A9FF00CF21D0 /* XCRemoteSwiftPackageReference "firebase-ios-sdk" */;
			productName = FirebaseFunctions;
		};
		3AE293992BC5AAEC00CF21D0 /* FirebaseFunctionsCombine-Community */ = {
			isa = XCSwiftPackageProductDependency;
			package = 3AE2936E2BC5A9FF00CF21D0 /* XCRemoteSwiftPackageReference "firebase-ios-sdk" */;
			productName = "FirebaseFunctionsCombine-Community";
		};
		3AE2939B2BC5AAEC00CF21D0 /* FirebaseInAppMessaging-Beta */ = {
			isa = XCSwiftPackageProductDependency;
			package = 3AE2936E2BC5A9FF00CF21D0 /* XCRemoteSwiftPackageReference "firebase-ios-sdk" */;
			productName = "FirebaseInAppMessaging-Beta";
		};
		3AE2939D2BC5AAEC00CF21D0 /* FirebaseInAppMessagingSwift-Beta */ = {
			isa = XCSwiftPackageProductDependency;
			package = 3AE2936E2BC5A9FF00CF21D0 /* XCRemoteSwiftPackageReference "firebase-ios-sdk" */;
			productName = "FirebaseInAppMessagingSwift-Beta";
		};
		3AE2939F2BC5AAEC00CF21D0 /* FirebaseInstallations */ = {
			isa = XCSwiftPackageProductDependency;
			package = 3AE2936E2BC5A9FF00CF21D0 /* XCRemoteSwiftPackageReference "firebase-ios-sdk" */;
			productName = FirebaseInstallations;
		};
		3AE293A12BC5AAEC00CF21D0 /* FirebaseMLModelDownloader */ = {
			isa = XCSwiftPackageProductDependency;
			package = 3AE2936E2BC5A9FF00CF21D0 /* XCRemoteSwiftPackageReference "firebase-ios-sdk" */;
			productName = FirebaseMLModelDownloader;
		};
		3AE293A32BC5AAEC00CF21D0 /* FirebaseMessaging */ = {
			isa = XCSwiftPackageProductDependency;
			package = 3AE2936E2BC5A9FF00CF21D0 /* XCRemoteSwiftPackageReference "firebase-ios-sdk" */;
			productName = FirebaseMessaging;
		};
		3AE293A52BC5AAEC00CF21D0 /* FirebasePerformance */ = {
			isa = XCSwiftPackageProductDependency;
			package = 3AE2936E2BC5A9FF00CF21D0 /* XCRemoteSwiftPackageReference "firebase-ios-sdk" */;
			productName = FirebasePerformance;
		};
		3AE293A72BC5AAEC00CF21D0 /* FirebaseRemoteConfig */ = {
			isa = XCSwiftPackageProductDependency;
			package = 3AE2936E2BC5A9FF00CF21D0 /* XCRemoteSwiftPackageReference "firebase-ios-sdk" */;
			productName = FirebaseRemoteConfig;
		};
		3AE293A92BC5AAEC00CF21D0 /* FirebaseRemoteConfigSwift */ = {
			isa = XCSwiftPackageProductDependency;
			package = 3AE2936E2BC5A9FF00CF21D0 /* XCRemoteSwiftPackageReference "firebase-ios-sdk" */;
			productName = FirebaseRemoteConfigSwift;
		};
		3AE293AB2BC5AAEC00CF21D0 /* FirebaseStorage */ = {
			isa = XCSwiftPackageProductDependency;
			package = 3AE2936E2BC5A9FF00CF21D0 /* XCRemoteSwiftPackageReference "firebase-ios-sdk" */;
			productName = FirebaseStorage;
		};
		3AE293AD2BC5AAEC00CF21D0 /* FirebaseStorageCombine-Community */ = {
			isa = XCSwiftPackageProductDependency;
			package = 3AE2936E2BC5A9FF00CF21D0 /* XCRemoteSwiftPackageReference "firebase-ios-sdk" */;
			productName = "FirebaseStorageCombine-Community";
		};
/* End XCSwiftPackageProductDependency section */
	};
	rootObject = 3A328D522BC43C0300DDA90E /* Project object */;
}
